
Microsoft Visual Studio Solution File, Format Version 12.00
# Visual Studio Version 16
VisualStudioVersion = 16.0.28621.142
MinimumVisualStudioVersion = 10.0.40219.1
Project("{9A19103F-16F7-4668-BE54-9A1E7A4F7556}") = "Geo", "Geo\Geo.csproj", "{19382341-4A76-4CED-BF55-77B9D630743C}"
EndProject
Project("{9A19103F-16F7-4668-BE54-9A1E7A4F7556}") = "Geo.Raven", "Geo.Raven\Geo.Raven.csproj", "{36CD4D96-DDB6-4A8A-B394-653AEC04E4E3}"
EndProject
Project("{9A19103F-16F7-4668-BE54-9A1E7A4F7556}") = "Geo.Tests", "Geo.Tests\Geo.Tests.csproj", "{52E38082-08F1-44B4-BEB2-E8A1C766BA59}"
EndProject
Global
	GlobalSection(SolutionConfigurationPlatforms) = preSolution
		Debug|Any CPU = Debug|Any CPU
		Release|Any CPU = Release|Any CPU
	EndGlobalSection
	GlobalSection(ProjectConfigurationPlatforms) = postSolution
		{19382341-4A76-4CED-BF55-77B9D630743C}.Debug|Any CPU.ActiveCfg = Debug|Any CPU
		{19382341-4A76-4CED-BF55-77B9D630743C}.Debug|Any CPU.Build.0 = Debug|Any CPU
		{19382341-4A76-4CED-BF55-77B9D630743C}.Release|Any CPU.ActiveCfg = Release|Any CPU
		{19382341-4A76-4CED-BF55-77B9D630743C}.Release|Any CPU.Build.0 = Release|Any CPU
		{36CD4D96-DDB6-4A8A-B394-653AEC04E4E3}.Debug|Any CPU.ActiveCfg = Debug|Any CPU
		{36CD4D96-DDB6-4A8A-B394-653AEC04E4E3}.Debug|Any CPU.Build.0 = Debug|Any CPU
		{36CD4D96-DDB6-4A8A-B394-653AEC04E4E3}.Release|Any CPU.ActiveCfg = Release|Any CPU
		{36CD4D96-DDB6-4A8A-B394-653AEC04E4E3}.Release|Any CPU.Build.0 = Release|Any CPU
		{52E38082-08F1-44B4-BEB2-E8A1C766BA59}.Debug|Any CPU.ActiveCfg = Debug|Any CPU
		{52E38082-08F1-44B4-BEB2-E8A1C766BA59}.Debug|Any CPU.Build.0 = Debug|Any CPU
		{52E38082-08F1-44B4-BEB2-E8A1C766BA59}.Release|Any CPU.ActiveCfg = Release|Any CPU
		{52E38082-08F1-44B4-BEB2-E8A1C766BA59}.Release|Any CPU.Build.0 = Release|Any CPU
	EndGlobalSection
	GlobalSection(SolutionProperties) = preSolution
		HideSolutionNode = FALSE
	EndGlobalSection
	GlobalSection(ExtensibilityGlobals) = postSolution
		SolutionGuid = {1857A7FA-C5B0-4C93-A9F3-3C2AE3E4EC2E}
	EndGlobalSection
EndGlobal
